
Microsoft Visual Studio Solution File, Format Version 12.00
# Visual Studio Version 16
VisualStudioVersion = 16.0.31624.102
MinimumVisualStudioVersion = 10.0.40219.1
Project("{9A19103F-16F7-4668-BE54-9A1E7A4F7556}") = "CSharpIntro", "CSharpIntro\CSharpIntro.csproj", "{A4C6E2AC-DFA0-4F3F-9D17-C51DD38F0DE9}"
EndProject
Project("{9A19103F-16F7-4668-BE54-9A1E7A4F7556}") = "Arrays", "Arrays\Arrays.csproj", "{19BE5BB4-E02E-4C42-941F-80FC75668514}"
EndProject
Project("{9A19103F-16F7-4668-BE54-9A1E7A4F7556}") = "Odevler", "Odevler\Odevler.csproj", "{08D2AC11-67CB-4CA7-8EB0-585A5D713EB7}"
EndProject
Project("{9A19103F-16F7-4668-BE54-9A1E7A4F7556}") = "Loops", "Loops\Loops.csproj", "{48A61120-042E-41C7-A112-48F10F3968FB}"
EndProject
Project("{9A19103F-16F7-4668-BE54-9A1E7A4F7556}") = "Project1", "Project1\Project1.csproj", "{F34BD874-884F-4028-86D6-98110D6559C5}"
EndProject
Project("{9A19103F-16F7-4668-BE54-9A1E7A4F7556}") = "Lists", "Lists\Lists.csproj", "{5CD0C4BA-371F-4B7E-96AA-C3FE690AABFA}"
EndProject
Project("{9A19103F-16F7-4668-BE54-9A1E7A4F7556}") = "Project2", "Project2\Project2.csproj", "{6A0013C6-2677-4776-B919-6C8EC53D6490}"
EndProject
Project("{9A19103F-16F7-4668-BE54-9A1E7A4F7556}") = "Classes", "Classes\Classes.csproj", "{B077E541-D01A-496B-B4BE-607BF48472A8}"
EndProject
Project("{9A19103F-16F7-4668-BE54-9A1E7A4F7556}") = "Classes2", "Classes2\Classes2.csproj", "{E6D9EF94-8F0A-4F32-8F18-37AFE0F10C7E}"
EndProject
Project("{9A19103F-16F7-4668-BE54-9A1E7A4F7556}") = "Methods", "Methods\Methods.csproj", "{5BCFC922-F56C-4DA5-B142-360032B5B3CE}"
EndProject
Project("{9A19103F-16F7-4668-BE54-9A1E7A4F7556}") = "Project3", "Project3\Project3.csproj", "{D97615A7-BB38-45B7-9384-8FF6FC6B1DF4}"
EndProject
Project("{9A19103F-16F7-4668-BE54-9A1E7A4F7556}") = "Constructors", "Constructors\Constructors.csproj", "{F5400574-5DB1-452E-8B3F-AFB03D180CB2}"
EndProject
Project("{9A19103F-16F7-4668-BE54-9A1E7A4F7556}") = "Inheritance", "Inheritance\Inheritance.csproj", "{A4E731F0-B245-4AEE-88BE-08D38B7CB114}"
EndProject
Project("{9A19103F-16F7-4668-BE54-9A1E7A4F7556}") = "ReferenceTypes", "ReferenceTypes\ReferenceTypes.csproj", "{21400E53-0045-4E21-978E-E4FFFE72FCF7}"
EndProject
Project("{9A19103F-16F7-4668-BE54-9A1E7A4F7556}") = "Properties", "Properties\Properties.csproj", "{FCA43AAA-5565-4408-B2B2-D57B1891F730}"
EndProject
Project("{9A19103F-16F7-4668-BE54-9A1E7A4F7556}") = "AccesModifiers", "AccesModifiers\AccesModifiers.csproj", "{57268B9A-2FDA-4C8A-9594-19DAFA3DC28C}"
EndProject
Project("{9A19103F-16F7-4668-BE54-9A1E7A4F7556}") = "AccesModifiersTest", "AccesModifiersTest\AccesModifiersTest.csproj", "{63DC223B-AB4A-405D-A102-A4BF1D6C4F57}"
EndProject
Project("{9A19103F-16F7-4668-BE54-9A1E7A4F7556}") = "Interfaces", "Interfaces\Interfaces.csproj", "{4DB7A9B7-BED3-48B1-B7FA-CEA6072E16F9}"
EndProject
Project("{9A19103F-16F7-4668-BE54-9A1E7A4F7556}") = "Project4.DateAcces", "Project4.DateAcces\Project4.DateAcces.csproj", "{A8E81049-6D56-4E0F-94D7-AD0D0AEAB8CE}"
EndProject
Project("{9A19103F-16F7-4668-BE54-9A1E7A4F7556}") = "Project4.Business", "Project4.Business\Project4.Business.csproj", "{EA7EE08A-5FE9-4F24-9A8A-F42362B81F1E}"
EndProject
Project("{9A19103F-16F7-4668-BE54-9A1E7A4F7556}") = "Project4.ConsoleUI", "Project4.ConsoleUI\Project4.ConsoleUI.csproj", "{5FDD29F8-9346-44B4-8A81-C694EDCBEED5}"
EndProject
Project("{9A19103F-16F7-4668-BE54-9A1E7A4F7556}") = "Project4.Entities", "Project4.Entities\Project4.Entities.csproj", "{609BB7CB-4D58-4D95-AD57-71A8B31BFF9A}"
EndProject
Project("{9A19103F-16F7-4668-BE54-9A1E7A4F7556}") = "Generics", "Generics\Generics.csproj", "{CA1E8910-3B52-47EA-9B96-CB739FF79602}"
EndProject
Project("{9A19103F-16F7-4668-BE54-9A1E7A4F7556}") = "ExceptionHandling", "ExceptionHandling\ExceptionHandling.csproj", "{AA9F5BE2-A1CE-4B7B-9AC7-F386AD0D898B}"
EndProject
Project("{9A19103F-16F7-4668-BE54-9A1E7A4F7556}") = "LinqProject", "Linq\LinqProject.csproj", "{BD339B14-FE8D-48AC-980A-DEDD682A37D4}"
EndProject
Project("{9A19103F-16F7-4668-BE54-9A1E7A4F7556}") = "EntityFrameworkDemo", "EntityFrameworkDemo\EntityFrameworkDemo.csproj", "{27D24B66-2911-4077-A385-E1F7FDF0AC39}"
EndProject
Project("{9A19103F-16F7-4668-BE54-9A1E7A4F7556}") = "OOP1", "OOP\OOP1.csproj", "{9C1D101F-7319-4DEB-814B-9FE505B672A8}"
EndProject
Project("{9A19103F-16F7-4668-BE54-9A1E7A4F7556}") = "Collections", "Collections\Collections.csproj", "{CC157023-0B0E-46CA-BD2E-89285526A3CB}"
EndProject
Project("{FAE04EC0-301F-11D3-BF4B-00C04F79EFBC}") = "GenericsIntro", "GenericsIntro\GenericsIntro.csproj", "{A0365E6A-CD39-4FF6-94CE-CD7B7F87C170}"
EndProject
Global
	GlobalSection(SolutionConfigurationPlatforms) = preSolution
		Debug|Any CPU = Debug|Any CPU
		Release|Any CPU = Release|Any CPU
	EndGlobalSection
	GlobalSection(ProjectConfigurationPlatforms) = postSolution
		{A4C6E2AC-DFA0-4F3F-9D17-C51DD38F0DE9}.Debug|Any CPU.ActiveCfg = Debug|Any CPU
		{A4C6E2AC-DFA0-4F3F-9D17-C51DD38F0DE9}.Debug|Any CPU.Build.0 = Debug|Any CPU
		{A4C6E2AC-DFA0-4F3F-9D17-C51DD38F0DE9}.Release|Any CPU.ActiveCfg = Release|Any CPU
		{A4C6E2AC-DFA0-4F3F-9D17-C51DD38F0DE9}.Release|Any CPU.Build.0 = Release|Any CPU
		{19BE5BB4-E02E-4C42-941F-80FC75668514}.Debug|Any CPU.ActiveCfg = Debug|Any CPU
		{19BE5BB4-E02E-4C42-941F-80FC75668514}.Debug|Any CPU.Build.0 = Debug|Any CPU
		{19BE5BB4-E02E-4C42-941F-80FC75668514}.Release|Any CPU.ActiveCfg = Release|Any CPU
		{19BE5BB4-E02E-4C42-941F-80FC75668514}.Release|Any CPU.Build.0 = Release|Any CPU
		{08D2AC11-67CB-4CA7-8EB0-585A5D713EB7}.Debug|Any CPU.ActiveCfg = Debug|Any CPU
		{08D2AC11-67CB-4CA7-8EB0-585A5D713EB7}.Debug|Any CPU.Build.0 = Debug|Any CPU
		{08D2AC11-67CB-4CA7-8EB0-585A5D713EB7}.Release|Any CPU.ActiveCfg = Release|Any CPU
		{08D2AC11-67CB-4CA7-8EB0-585A5D713EB7}.Release|Any CPU.Build.0 = Release|Any CPU
		{48A61120-042E-41C7-A112-48F10F3968FB}.Debug|Any CPU.ActiveCfg = Debug|Any CPU
		{48A61120-042E-41C7-A112-48F10F3968FB}.Debug|Any CPU.Build.0 = Debug|Any CPU
		{48A61120-042E-41C7-A112-48F10F3968FB}.Release|Any CPU.ActiveCfg = Release|Any CPU
		{48A61120-042E-41C7-A112-48F10F3968FB}.Release|Any CPU.Build.0 = Release|Any CPU
		{F34BD874-884F-4028-86D6-98110D6559C5}.Debug|Any CPU.ActiveCfg = Debug|Any CPU
		{F34BD874-884F-4028-86D6-98110D6559C5}.Debug|Any CPU.Build.0 = Debug|Any CPU
		{F34BD874-884F-4028-86D6-98110D6559C5}.Release|Any CPU.ActiveCfg = Release|Any CPU
		{F34BD874-884F-4028-86D6-98110D6559C5}.Release|Any CPU.Build.0 = Release|Any CPU
		{5CD0C4BA-371F-4B7E-96AA-C3FE690AABFA}.Debug|Any CPU.ActiveCfg = Debug|Any CPU
		{5CD0C4BA-371F-4B7E-96AA-C3FE690AABFA}.Debug|Any CPU.Build.0 = Debug|Any CPU
		{5CD0C4BA-371F-4B7E-96AA-C3FE690AABFA}.Release|Any CPU.ActiveCfg = Release|Any CPU
		{5CD0C4BA-371F-4B7E-96AA-C3FE690AABFA}.Release|Any CPU.Build.0 = Release|Any CPU
		{6A0013C6-2677-4776-B919-6C8EC53D6490}.Debug|Any CPU.ActiveCfg = Debug|Any CPU
		{6A0013C6-2677-4776-B919-6C8EC53D6490}.Debug|Any CPU.Build.0 = Debug|Any CPU
		{6A0013C6-2677-4776-B919-6C8EC53D6490}.Release|Any CPU.ActiveCfg = Release|Any CPU
		{6A0013C6-2677-4776-B919-6C8EC53D6490}.Release|Any CPU.Build.0 = Release|Any CPU
		{B077E541-D01A-496B-B4BE-607BF48472A8}.Debug|Any CPU.ActiveCfg = Debug|Any CPU
		{B077E541-D01A-496B-B4BE-607BF48472A8}.Debug|Any CPU.Build.0 = Debug|Any CPU
		{B077E541-D01A-496B-B4BE-607BF48472A8}.Release|Any CPU.ActiveCfg = Release|Any CPU
		{B077E541-D01A-496B-B4BE-607BF48472A8}.Release|Any CPU.Build.0 = Release|Any CPU
		{E6D9EF94-8F0A-4F32-8F18-37AFE0F10C7E}.Debug|Any CPU.ActiveCfg = Debug|Any CPU
		{E6D9EF94-8F0A-4F32-8F18-37AFE0F10C7E}.Debug|Any CPU.Build.0 = Debug|Any CPU
		{E6D9EF94-8F0A-4F32-8F18-37AFE0F10C7E}.Release|Any CPU.ActiveCfg = Release|Any CPU
		{E6D9EF94-8F0A-4F32-8F18-37AFE0F10C7E}.Release|Any CPU.Build.0 = Release|Any CPU
		{5BCFC922-F56C-4DA5-B142-360032B5B3CE}.Debug|Any CPU.ActiveCfg = Debug|Any CPU
		{5BCFC922-F56C-4DA5-B142-360032B5B3CE}.Debug|Any CPU.Build.0 = Debug|Any CPU
		{5BCFC922-F56C-4DA5-B142-360032B5B3CE}.Release|Any CPU.ActiveCfg = Release|Any CPU
		{5BCFC922-F56C-4DA5-B142-360032B5B3CE}.Release|Any CPU.Build.0 = Release|Any CPU
		{D97615A7-BB38-45B7-9384-8FF6FC6B1DF4}.Debug|Any CPU.ActiveCfg = Debug|Any CPU
		{D97615A7-BB38-45B7-9384-8FF6FC6B1DF4}.Debug|Any CPU.Build.0 = Debug|Any CPU
		{D97615A7-BB38-45B7-9384-8FF6FC6B1DF4}.Release|Any CPU.ActiveCfg = Release|Any CPU
		{D97615A7-BB38-45B7-9384-8FF6FC6B1DF4}.Release|Any CPU.Build.0 = Release|Any CPU
		{F5400574-5DB1-452E-8B3F-AFB03D180CB2}.Debug|Any CPU.ActiveCfg = Debug|Any CPU
		{F5400574-5DB1-452E-8B3F-AFB03D180CB2}.Debug|Any CPU.Build.0 = Debug|Any CPU
		{F5400574-5DB1-452E-8B3F-AFB03D180CB2}.Release|Any CPU.ActiveCfg = Release|Any CPU
		{F5400574-5DB1-452E-8B3F-AFB03D180CB2}.Release|Any CPU.Build.0 = Release|Any CPU
		{A4E731F0-B245-4AEE-88BE-08D38B7CB114}.Debug|Any CPU.ActiveCfg = Debug|Any CPU
		{A4E731F0-B245-4AEE-88BE-08D38B7CB114}.Debug|Any CPU.Build.0 = Debug|Any CPU
		{A4E731F0-B245-4AEE-88BE-08D38B7CB114}.Release|Any CPU.ActiveCfg = Release|Any CPU
		{A4E731F0-B245-4AEE-88BE-08D38B7CB114}.Release|Any CPU.Build.0 = Release|Any CPU
		{21400E53-0045-4E21-978E-E4FFFE72FCF7}.Debug|Any CPU.ActiveCfg = Debug|Any CPU
		{21400E53-0045-4E21-978E-E4FFFE72FCF7}.Debug|Any CPU.Build.0 = Debug|Any CPU
		{21400E53-0045-4E21-978E-E4FFFE72FCF7}.Release|Any CPU.ActiveCfg = Release|Any CPU
		{21400E53-0045-4E21-978E-E4FFFE72FCF7}.Release|Any CPU.Build.0 = Release|Any CPU
		{FCA43AAA-5565-4408-B2B2-D57B1891F730}.Debug|Any CPU.ActiveCfg = Debug|Any CPU
		{FCA43AAA-5565-4408-B2B2-D57B1891F730}.Debug|Any CPU.Build.0 = Debug|Any CPU
		{FCA43AAA-5565-4408-B2B2-D57B1891F730}.Release|Any CPU.ActiveCfg = Release|Any CPU
		{FCA43AAA-5565-4408-B2B2-D57B1891F730}.Release|Any CPU.Build.0 = Release|Any CPU
		{57268B9A-2FDA-4C8A-9594-19DAFA3DC28C}.Debug|Any CPU.ActiveCfg = Debug|Any CPU
		{57268B9A-2FDA-4C8A-9594-19DAFA3DC28C}.Debug|Any CPU.Build.0 = Debug|Any CPU
		{57268B9A-2FDA-4C8A-9594-19DAFA3DC28C}.Release|Any CPU.ActiveCfg = Release|Any CPU
		{57268B9A-2FDA-4C8A-9594-19DAFA3DC28C}.Release|Any CPU.Build.0 = Release|Any CPU
		{63DC223B-AB4A-405D-A102-A4BF1D6C4F57}.Debug|Any CPU.ActiveCfg = Debug|Any CPU
		{63DC223B-AB4A-405D-A102-A4BF1D6C4F57}.Debug|Any CPU.Build.0 = Debug|Any CPU
		{63DC223B-AB4A-405D-A102-A4BF1D6C4F57}.Release|Any CPU.ActiveCfg = Release|Any CPU
		{63DC223B-AB4A-405D-A102-A4BF1D6C4F57}.Release|Any CPU.Build.0 = Release|Any CPU
		{4DB7A9B7-BED3-48B1-B7FA-CEA6072E16F9}.Debug|Any CPU.ActiveCfg = Debug|Any CPU
		{4DB7A9B7-BED3-48B1-B7FA-CEA6072E16F9}.Debug|Any CPU.Build.0 = Debug|Any CPU
		{4DB7A9B7-BED3-48B1-B7FA-CEA6072E16F9}.Release|Any CPU.ActiveCfg = Release|Any CPU
		{4DB7A9B7-BED3-48B1-B7FA-CEA6072E16F9}.Release|Any CPU.Build.0 = Release|Any CPU
		{A8E81049-6D56-4E0F-94D7-AD0D0AEAB8CE}.Debug|Any CPU.ActiveCfg = Debug|Any CPU
		{A8E81049-6D56-4E0F-94D7-AD0D0AEAB8CE}.Debug|Any CPU.Build.0 = Debug|Any CPU
		{A8E81049-6D56-4E0F-94D7-AD0D0AEAB8CE}.Release|Any CPU.ActiveCfg = Release|Any CPU
		{A8E81049-6D56-4E0F-94D7-AD0D0AEAB8CE}.Release|Any CPU.Build.0 = Release|Any CPU
		{EA7EE08A-5FE9-4F24-9A8A-F42362B81F1E}.Debug|Any CPU.ActiveCfg = Debug|Any CPU
		{EA7EE08A-5FE9-4F24-9A8A-F42362B81F1E}.Debug|Any CPU.Build.0 = Debug|Any CPU
		{EA7EE08A-5FE9-4F24-9A8A-F42362B81F1E}.Release|Any CPU.ActiveCfg = Release|Any CPU
		{EA7EE08A-5FE9-4F24-9A8A-F42362B81F1E}.Release|Any CPU.Build.0 = Release|Any CPU
		{5FDD29F8-9346-44B4-8A81-C694EDCBEED5}.Debug|Any CPU.ActiveCfg = Debug|Any CPU
		{5FDD29F8-9346-44B4-8A81-C694EDCBEED5}.Debug|Any CPU.Build.0 = Debug|Any CPU
		{5FDD29F8-9346-44B4-8A81-C694EDCBEED5}.Release|Any CPU.ActiveCfg = Release|Any CPU
		{5FDD29F8-9346-44B4-8A81-C694EDCBEED5}.Release|Any CPU.Build.0 = Release|Any CPU
		{609BB7CB-4D58-4D95-AD57-71A8B31BFF9A}.Debug|Any CPU.ActiveCfg = Debug|Any CPU
		{609BB7CB-4D58-4D95-AD57-71A8B31BFF9A}.Debug|Any CPU.Build.0 = Debug|Any CPU
		{609BB7CB-4D58-4D95-AD57-71A8B31BFF9A}.Release|Any CPU.ActiveCfg = Release|Any CPU
		{609BB7CB-4D58-4D95-AD57-71A8B31BFF9A}.Release|Any CPU.Build.0 = Release|Any CPU
		{CA1E8910-3B52-47EA-9B96-CB739FF79602}.Debug|Any CPU.ActiveCfg = Debug|Any CPU
		{CA1E8910-3B52-47EA-9B96-CB739FF79602}.Debug|Any CPU.Build.0 = Debug|Any CPU
		{CA1E8910-3B52-47EA-9B96-CB739FF79602}.Release|Any CPU.ActiveCfg = Release|Any CPU
		{CA1E8910-3B52-47EA-9B96-CB739FF79602}.Release|Any CPU.Build.0 = Release|Any CPU
		{AA9F5BE2-A1CE-4B7B-9AC7-F386AD0D898B}.Debug|Any CPU.ActiveCfg = Debug|Any CPU
		{AA9F5BE2-A1CE-4B7B-9AC7-F386AD0D898B}.Debug|Any CPU.Build.0 = Debug|Any CPU
		{AA9F5BE2-A1CE-4B7B-9AC7-F386AD0D898B}.Release|Any CPU.ActiveCfg = Release|Any CPU
		{AA9F5BE2-A1CE-4B7B-9AC7-F386AD0D898B}.Release|Any CPU.Build.0 = Release|Any CPU
		{BD339B14-FE8D-48AC-980A-DEDD682A37D4}.Debug|Any CPU.ActiveCfg = Debug|Any CPU
		{BD339B14-FE8D-48AC-980A-DEDD682A37D4}.Debug|Any CPU.Build.0 = Debug|Any CPU
		{BD339B14-FE8D-48AC-980A-DEDD682A37D4}.Release|Any CPU.ActiveCfg = Release|Any CPU
		{BD339B14-FE8D-48AC-980A-DEDD682A37D4}.Release|Any CPU.Build.0 = Release|Any CPU
		{27D24B66-2911-4077-A385-E1F7FDF0AC39}.Debug|Any CPU.ActiveCfg = Debug|Any CPU
		{27D24B66-2911-4077-A385-E1F7FDF0AC39}.Debug|Any CPU.Build.0 = Debug|Any CPU
		{27D24B66-2911-4077-A385-E1F7FDF0AC39}.Release|Any CPU.ActiveCfg = Release|Any CPU
		{27D24B66-2911-4077-A385-E1F7FDF0AC39}.Release|Any CPU.Build.0 = Release|Any CPU
		{9C1D101F-7319-4DEB-814B-9FE505B672A8}.Debug|Any CPU.ActiveCfg = Debug|Any CPU
		{9C1D101F-7319-4DEB-814B-9FE505B672A8}.Debug|Any CPU.Build.0 = Debug|Any CPU
		{9C1D101F-7319-4DEB-814B-9FE505B672A8}.Release|Any CPU.ActiveCfg = Release|Any CPU
		{9C1D101F-7319-4DEB-814B-9FE505B672A8}.Release|Any CPU.Build.0 = Release|Any CPU
		{CC157023-0B0E-46CA-BD2E-89285526A3CB}.Debug|Any CPU.ActiveCfg = Debug|Any CPU
		{CC157023-0B0E-46CA-BD2E-89285526A3CB}.Debug|Any CPU.Build.0 = Debug|Any CPU
		{CC157023-0B0E-46CA-BD2E-89285526A3CB}.Release|Any CPU.ActiveCfg = Release|Any CPU
		{CC157023-0B0E-46CA-BD2E-89285526A3CB}.Release|Any CPU.Build.0 = Release|Any CPU
		{A0365E6A-CD39-4FF6-94CE-CD7B7F87C170}.Debug|Any CPU.ActiveCfg = Debug|Any CPU
		{A0365E6A-CD39-4FF6-94CE-CD7B7F87C170}.Debug|Any CPU.Build.0 = Debug|Any CPU
		{A0365E6A-CD39-4FF6-94CE-CD7B7F87C170}.Release|Any CPU.ActiveCfg = Release|Any CPU
		{A0365E6A-CD39-4FF6-94CE-CD7B7F87C170}.Release|Any CPU.Build.0 = Release|Any CPU
	EndGlobalSection
	GlobalSection(SolutionProperties) = preSolution
		HideSolutionNode = FALSE
	EndGlobalSection
	GlobalSection(ExtensibilityGlobals) = postSolution
		SolutionGuid = {C8BCB8B9-B5A2-426E-AD0C-CBF3812665B4}
	EndGlobalSection
EndGlobal
